Microsoft Visual Studio Solution File, Format Version 11.00
# Visual Studio 2008

Project("{2D6932F7-8F71-9385-7D21-564A3997473F}") = "GameDevFinals-master", "Assembly-CSharp.csproj", "{868A2621-1D54-F5C0-EC0F-8E26D67870A0}"
EndProject
Global
	GlobalSection(SolutionConfigurationPlatforms) = preSolution
		Debug|Any CPU = Debug|Any CPU
		Release|Any CPU = Release|Any CPU
	EndGlobalSection
	GlobalSection(ProjectConfigurationPlatforms) = postSolution
		{868A2621-1D54-F5C0-EC0F-8E26D67870A0}.Debug|Any CPU.ActiveCfg = Debug|Any CPU
		{868A2621-1D54-F5C0-EC0F-8E26D67870A0}.Debug|Any CPU.Build.0 = Debug|Any CPU
		{868A2621-1D54-F5C0-EC0F-8E26D67870A0}.Release|Any CPU.ActiveCfg = Release|Any CPU
		{868A2621-1D54-F5C0-EC0F-8E26D67870A0}.Release|Any CPU.Build.0 = Release|Any CPU
	EndGlobalSection
	GlobalSection(SolutionProperties) = preSolution
		HideSolutionNode = FALSE
	EndGlobalSection
	GlobalSection(MonoDevelopProperties) = preSolution
		StartupItem = Assembly-CSharp.csproj
	EndGlobalSection
EndGlobal
